
Microsoft Visual Studio Solution File, Format Version 12.00
Project("{FAE04EC0-301F-11D3-BF4B-00C04F79EFBC}") = "MyApp.Web", "MyApp.Web\MyApp.Web.csproj", "{34A20E81-E1E5-4274-A54F-BAB6F39E93FA}"
EndProject
Project("{FAE04EC0-301F-11D3-BF4B-00C04F79EFBC}") = "MyApp.Domain", "MyApp.Domain\MyApp.Domain.csproj", "{91C85455-8150-455B-9EC8-57A5FB6198DE}"
EndProject
Project("{FAE04EC0-301F-11D3-BF4B-00C04F79EFBC}") = "MyApp.Application", "MyApp.Application\MyApp.Application.csproj", "{220DF68C-F1C1-402E-9AAE-F7436013BD1B}"
EndProject
Project("{FAE04EC0-301F-11D3-BF4B-00C04F79EFBC}") = "MyApp.Infrastructure", "MyApp.Infrastructure\MyApp.Infrastructure.csproj", "{E8C078EE-560B-49C5-864F-B90F2BC6A867}"
EndProject
Project("{FAE04EC0-301F-11D3-BF4B-00C04F79EFBC}") = "SharedKernel", "SharedKernel\SharedKernel.csproj", "{AA318128-FD05-4241-B0FC-FF0F48726A40}"
EndProject
Project("{2150E333-8FDC-42A3-9474-1A3956D46DE8}") = "Core", "Core", "{2EA3DCE3-6974-466E-B099-FDA7B9388D21}"
EndProject
Project("{2150E333-8FDC-42A3-9474-1A3956D46DE8}") = "Infrastructure", "Infrastructure", "{91A20262-42DD-4B9C-B9FE-8B0ACEA88315}"
EndProject
Project("{2150E333-8FDC-42A3-9474-1A3956D46DE8}") = "Presentation", "Presentation", "{23951BC9-BA86-4B2E-9166-6F404AEA1016}"
EndProject
Project("{FAE04EC0-301F-11D3-BF4B-00C04F79EFBC}") = "MyApp.Api", "MyApp.Api\MyApp.Api.csproj", "{B641040F-5264-4A0D-87B1-597FE5254BA0}"
EndProject
Global
	GlobalSection(SolutionConfigurationPlatforms) = preSolution
		Debug|Any CPU = Debug|Any CPU
		Release|Any CPU = Release|Any CPU
	EndGlobalSection
	GlobalSection(ProjectConfigurationPlatforms) = postSolution
		{34A20E81-E1E5-4274-A54F-BAB6F39E93FA}.Debug|Any CPU.ActiveCfg = Debug|Any CPU
		{34A20E81-E1E5-4274-A54F-BAB6F39E93FA}.Debug|Any CPU.Build.0 = Debug|Any CPU
		{34A20E81-E1E5-4274-A54F-BAB6F39E93FA}.Release|Any CPU.ActiveCfg = Release|Any CPU
		{34A20E81-E1E5-4274-A54F-BAB6F39E93FA}.Release|Any CPU.Build.0 = Release|Any CPU
		{91C85455-8150-455B-9EC8-57A5FB6198DE}.Debug|Any CPU.ActiveCfg = Debug|Any CPU
		{91C85455-8150-455B-9EC8-57A5FB6198DE}.Debug|Any CPU.Build.0 = Debug|Any CPU
		{91C85455-8150-455B-9EC8-57A5FB6198DE}.Release|Any CPU.ActiveCfg = Release|Any CPU
		{91C85455-8150-455B-9EC8-57A5FB6198DE}.Release|Any CPU.Build.0 = Release|Any CPU
		{220DF68C-F1C1-402E-9AAE-F7436013BD1B}.Debug|Any CPU.ActiveCfg = Debug|Any CPU
		{220DF68C-F1C1-402E-9AAE-F7436013BD1B}.Debug|Any CPU.Build.0 = Debug|Any CPU
		{220DF68C-F1C1-402E-9AAE-F7436013BD1B}.Release|Any CPU.ActiveCfg = Release|Any CPU
		{220DF68C-F1C1-402E-9AAE-F7436013BD1B}.Release|Any CPU.Build.0 = Release|Any CPU
		{E8C078EE-560B-49C5-864F-B90F2BC6A867}.Debug|Any CPU.ActiveCfg = Debug|Any CPU
		{E8C078EE-560B-49C5-864F-B90F2BC6A867}.Debug|Any CPU.Build.0 = Debug|Any CPU
		{E8C078EE-560B-49C5-864F-B90F2BC6A867}.Release|Any CPU.ActiveCfg = Release|Any CPU
		{E8C078EE-560B-49C5-864F-B90F2BC6A867}.Release|Any CPU.Build.0 = Release|Any CPU
		{AA318128-FD05-4241-B0FC-FF0F48726A40}.Debug|Any CPU.ActiveCfg = Debug|Any CPU
		{AA318128-FD05-4241-B0FC-FF0F48726A40}.Debug|Any CPU.Build.0 = Debug|Any CPU
		{AA318128-FD05-4241-B0FC-FF0F48726A40}.Release|Any CPU.ActiveCfg = Release|Any CPU
		{AA318128-FD05-4241-B0FC-FF0F48726A40}.Release|Any CPU.Build.0 = Release|Any CPU
		{B641040F-5264-4A0D-87B1-597FE5254BA0}.Debug|Any CPU.ActiveCfg = Debug|Any CPU
		{B641040F-5264-4A0D-87B1-597FE5254BA0}.Debug|Any CPU.Build.0 = Debug|Any CPU
		{B641040F-5264-4A0D-87B1-597FE5254BA0}.Release|Any CPU.ActiveCfg = Release|Any CPU
		{B641040F-5264-4A0D-87B1-597FE5254BA0}.Release|Any CPU.Build.0 = Release|Any CPU
	EndGlobalSection
	GlobalSection(NestedProjects) = preSolution
		{220DF68C-F1C1-402E-9AAE-F7436013BD1B} = {2EA3DCE3-6974-466E-B099-FDA7B9388D21}
		{91C85455-8150-455B-9EC8-57A5FB6198DE} = {2EA3DCE3-6974-466E-B099-FDA7B9388D21}
		{E8C078EE-560B-49C5-864F-B90F2BC6A867} = {91A20262-42DD-4B9C-B9FE-8B0ACEA88315}
		{34A20E81-E1E5-4274-A54F-BAB6F39E93FA} = {23951BC9-BA86-4B2E-9166-6F404AEA1016}
		{B641040F-5264-4A0D-87B1-597FE5254BA0} = {23951BC9-BA86-4B2E-9166-6F404AEA1016}
	EndGlobalSection
EndGlobal
